
Microsoft Visual Studio Solution File, Format Version 12.00
# Visual Studio Version 16
VisualStudioVersion = 16.0.30804.86
MinimumVisualStudioVersion = 10.0.40219.1
Project("{FAE04EC0-301F-11D3-BF4B-00C04F79EFBC}") = "CalculadoraNumrosPrimos", "CalculadoraNumrosPrimos\CalculadoraNumrosPrimos.csproj", "{1A1631F3-1CCB-47F1-A121-0E5BADD6C977}"
EndProject
Project("{FAE04EC0-301F-11D3-BF4B-00C04F79EFBC}") = "CalculadoraNumrosPrimosTestes", "CalculadoraNumrosPrimosTestes\CalculadoraNumrosPrimosTestes.csproj", "{360FFE71-0523-48C6-A9ED-1954F0D9C7F0}"
EndProject
Global
	GlobalSection(SolutionConfigurationPlatforms) = preSolution
		Debug|Any CPU = Debug|Any CPU
		Release|Any CPU = Release|Any CPU
	EndGlobalSection
	GlobalSection(ProjectConfigurationPlatforms) = postSolution
		{1A1631F3-1CCB-47F1-A121-0E5BADD6C977}.Debug|Any CPU.ActiveCfg = Debug|Any CPU
		{1A1631F3-1CCB-47F1-A121-0E5BADD6C977}.Debug|Any CPU.Build.0 = Debug|Any CPU
		{1A1631F3-1CCB-47F1-A121-0E5BADD6C977}.Release|Any CPU.ActiveCfg = Release|Any CPU
		{1A1631F3-1CCB-47F1-A121-0E5BADD6C977}.Release|Any CPU.Build.0 = Release|Any CPU
		{360FFE71-0523-48C6-A9ED-1954F0D9C7F0}.Debug|Any CPU.ActiveCfg = Debug|Any CPU
		{360FFE71-0523-48C6-A9ED-1954F0D9C7F0}.Debug|Any CPU.Build.0 = Debug|Any CPU
		{360FFE71-0523-48C6-A9ED-1954F0D9C7F0}.Release|Any CPU.ActiveCfg = Release|Any CPU
		{360FFE71-0523-48C6-A9ED-1954F0D9C7F0}.Release|Any CPU.Build.0 = Release|Any CPU
	EndGlobalSection
	GlobalSection(SolutionProperties) = preSolution
		HideSolutionNode = FALSE
	EndGlobalSection
	GlobalSection(ExtensibilityGlobals) = postSolution
		SolutionGuid = {6EEA1B4A-A80E-433C-BD18-982CFDC394E8}
	EndGlobalSection
EndGlobal
